// !$*UTF8*$!
{
	archiveVersion = 1;
	classes = {
	};
	objectVersion = 77;
	objects = {

/* Begin PBXBuildFile section */
		E79C4A692DB254A500736D3D /* AFButton.swift in Sources */ = {isa = PBXBuildFile; fileRef = E79C4A5F2DB254A500736D3D /* AFButton.swift */; };
		E79C4A6A2DB254A500736D3D /* ContentView.swift in Sources */ = {isa = PBXBuildFile; fileRef = E79C4A612DB254A500736D3D /* ContentView.swift */; };
		E79C4A6B2DB254A500736D3D /* Framework.swift in Sources */ = {isa = PBXBuildFile; fileRef = E79C4A622DB254A500736D3D /* Framework.swift */; };
		E79C4A6C2DB254A500736D3D /* FrameworkDetailView.swift in Sources */ = {isa = PBXBuildFile; fileRef = E79C4A632DB254A500736D3D /* FrameworkDetailView.swift */; };
		E79C4A6D2DB254A500736D3D /* FrameworkGridViewModel.swift in Sources */ = {isa = PBXBuildFile; fileRef = E79C4A642DB254A500736D3D /* FrameworkGridViewModel.swift */; };
		E79C4A6E2DB254A500736D3D /* FrameworkSwiftUIApp.swift in Sources */ = {isa = PBXBuildFile; fileRef = E79C4A652DB254A500736D3D /* FrameworkSwiftUIApp.swift */; };
		E79C4A6F2DB254A500736D3D /* SafariView.swift in Sources */ = {isa = PBXBuildFile; fileRef = E79C4A662DB254A500736D3D /* SafariView.swift */; };
		E79C4A702DB254A500736D3D /* XDismissButton.swift in Sources */ = {isa = PBXBuildFile; fileRef = E79C4A672DB254A500736D3D /* XDismissButton.swift */; };
		E79C4A712DB254A500736D3D /* Preview Assets.xcassets in Resources */ = {isa = PBXBuildFile; fileRef = E79C4A5D2DB254A500736D3D /* Preview Assets.xcassets */; };
		E79C4A722DB254A500736D3D /* Assets.xcassets in Resources */ = {isa = PBXBuildFile; fileRef = E79C4A602DB254A500736D3D /* Assets.xcassets */; };
/* End PBXBuildFile section */

/* Begin PBXContainerItemProxy section */
		E7AA17AC2DA51D1D00ADDB32 /* PBXContainerItemProxy */ = {
			isa = PBXContainerItemProxy;
			containerPortal = E7AA17932DA51D1B00ADDB32 /* Project object */;
			proxyType = 1;
			remoteGlobalIDString = E7AA179A2DA51D1C00ADDB32;
			remoteInfo = FrameworkSwiftUI;
		};
		E7AA17B62DA51D1D00ADDB32 /* PBXContainerItemProxy */ = {
			isa = PBXContainerItemProxy;
			containerPortal = E7AA17932DA51D1B00ADDB32 /* Project object */;
			proxyType = 1;
			remoteGlobalIDString = E7AA179A2DA51D1C00ADDB32;
			remoteInfo = FrameworkSwiftUI;
		};
/* End PBXContainerItemProxy section */

/* Begin PBXFileReference section */
		E79C4A5D2DB254A500736D3D /* Preview Assets.xcassets */ = {isa = PBXFileReference; lastKnownFileType = folder.assetcatalog; path = "Preview Assets.xcassets"; sourceTree = "<group>"; };
		E79C4A5F2DB254A500736D3D /* AFButton.swift */ = {isa = PBXFileReference; lastKnownFileType = sourcecode.swift; path = AFButton.swift; sourceTree = "<group>"; };
		E79C4A602DB254A500736D3D /* Assets.xcassets */ = {isa = PBXFileReference; lastKnownFileType = folder.assetcatalog; path = Assets.xcassets; sourceTree = "<group>"; };
		E79C4A612DB254A500736D3D /* ContentView.swift */ = {isa = PBXFileReference; lastKnownFileType = sourcecode.swift; path = ContentView.swift; sourceTree = "<group>"; };
		E79C4A622DB254A500736D3D /* Framework.swift */ = {isa = PBXFileReference; lastKnownFileType = sourcecode.swift; path = Framework.swift; sourceTree = "<group>"; };
		E79C4A632DB254A500736D3D /* FrameworkDetailView.swift */ = {isa = PBXFileReference; lastKnownFileType = sourcecode.swift; path = FrameworkDetailView.swift; sourceTree = "<group>"; };
		E79C4A642DB254A500736D3D /* FrameworkGridViewModel.swift */ = {isa = PBXFileReference; lastKnownFileType = sourcecode.swift; path = FrameworkGridViewModel.swift; sourceTree = "<group>"; };
		E79C4A652DB254A500736D3D /* FrameworkSwiftUIApp.swift */ = {isa = PBXFileReference; lastKnownFileType = sourcecode.swift; path = FrameworkSwiftUIApp.swift; sourceTree = "<group>"; };
		E79C4A662DB254A500736D3D /* SafariView.swift */ = {isa = PBXFileReference; lastKnownFileType = sourcecode.swift; path = SafariView.swift; sourceTree = "<group>"; };
		E79C4A672DB254A500736D3D /* XDismissButton.swift */ = {isa = PBXFileReference; lastKnownFileType = sourcecode.swift; path = XDismissButton.swift; sourceTree = "<group>"; };
		E7AA179B2DA51D1C00ADDB32 /* FrameworkSwiftUI.app */ = {isa = PBXFileReference; explicitFileType = wrapper.application; includeInIndex = 0; path = FrameworkSwiftUI.app; sourceTree = BUILT_PRODUCTS_DIR; };
		E7AA17AB2DA51D1D00ADDB32 /* FrameworkSwiftUITests.xctest */ = {isa = PBXFileReference; explicitFileType = wrapper.cfbundle; includeInIndex = 0; path = FrameworkSwiftUITests.xctest; sourceTree = BUILT_PRODUCTS_DIR; };
		E7AA17B52DA51D1D00ADDB32 /* FrameworkSwiftUIUITests.xctest */ = {isa = PBXFileReference; explicitFileType = wrapper.cfbundle; includeInIndex = 0; path = FrameworkSwiftUIUITests.xctest; sourceTree = BUILT_PRODUCTS_DIR; };
/* End PBXFileReference section */

/* Begin PBXFileSystemSynchronizedRootGroup section */
		E7AA17AE2DA51D1D00ADDB32 /* FrameworkSwiftUITests */ = {
			isa = PBXFileSystemSynchronizedRootGroup;
			path = FrameworkSwiftUITests;
			sourceTree = "<group>";
		};
		E7AA17B82DA51D1D00ADDB32 /* FrameworkSwiftUIUITests */ = {
			isa = PBXFileSystemSynchronizedRootGroup;
			path = FrameworkSwiftUIUITests;
			sourceTree = "<group>";
		};
/* End PBXFileSystemSynchronizedRootGroup section */

/* Begin PBXFrameworksBuildPhase section */
		E7AA17982DA51D1C00ADDB32 /* Frameworks */ = {
			isa = PBXFrameworksBuildPhase;
			buildActionMask = 2147483647;
			files = (
			);
			runOnlyForDeploymentPostprocessing = 0;
		};
		E7AA17A82DA51D1D00ADDB32 /* Frameworks */ = {
			isa = PBXFrameworksBuildPhase;
			buildActionMask = 2147483647;
			files = (
			);
			runOnlyForDeploymentPostprocessing = 0;
		};
		E7AA17B22DA51D1D00ADDB32 /* Frameworks */ = {
			isa = PBXFrameworksBuildPhase;
			buildActionMask = 2147483647;
			files = (
			);
			runOnlyForDeploymentPostprocessing = 0;
		};
/* End PBXFrameworksBuildPhase section */

/* Begin PBXGroup section */
		E79C4A5E2DB254A500736D3D /* Preview Content */ = {
			isa = PBXGroup;
			children = (
				E79C4A5D2DB254A500736D3D /* Preview Assets.xcassets */,
			);
			path = "Preview Content";
			sourceTree = "<group>";
		};
		E79C4A682DB254A500736D3D /* FrameworkSwiftUI */ = {
			isa = PBXGroup;
			children = (
				E79C4A772DB255DE00736D3D /* Models */,
				E79C4A752DB254FC00736D3D /* Screens */,
				E79C4A732DB254DF00736D3D /* Views */,
				E79C4A5E2DB254A500736D3D /* Preview Content */,
				E79C4A602DB254A500736D3D /* Assets.xcassets */,
				E79C4A652DB254A500736D3D /* FrameworkSwiftUIApp.swift */,
				E79C4A662DB254A500736D3D /* SafariView.swift */,
			);
			path = FrameworkSwiftUI;
			sourceTree = "<group>";
		};
		E79C4A732DB254DF00736D3D /* Views */ = {
			isa = PBXGroup;
			children = (
				E79C4A742DB254E700736D3D /* Button */,
			);
			path = Views;
			sourceTree = "<group>";
		};
		E79C4A742DB254E700736D3D /* Button */ = {
			isa = PBXGroup;
			children = (
				E79C4A672DB254A500736D3D /* XDismissButton.swift */,
				E79C4A5F2DB254A500736D3D /* AFButton.swift */,
			);
			path = Button;
			sourceTree = "<group>";
		};
		E79C4A752DB254FC00736D3D /* Screens */ = {
			isa = PBXGroup;
			children = (
				E79C4A782DB255F300736D3D /* FrameworkDetailView */,
				E79C4A762DB2556C00736D3D /* FrameworkGridView */,
			);
			path = Screens;
			sourceTree = "<group>";
		};
		E79C4A762DB2556C00736D3D /* FrameworkGridView */ = {
			isa = PBXGroup;
			children = (
				E79C4A612DB254A500736D3D /* ContentView.swift */,
				E79C4A642DB254A500736D3D /* FrameworkGridViewModel.swift */,
			);
			path = FrameworkGridView;
			sourceTree = "<group>";
		};
		E79C4A772DB255DE00736D3D /* Models */ = {
			isa = PBXGroup;
			children = (
				E79C4A622DB254A500736D3D /* Framework.swift */,
			);
			path = Models;
			sourceTree = "<group>";
		};
		E79C4A782DB255F300736D3D /* FrameworkDetailView */ = {
			isa = PBXGroup;
			children = (
				E79C4A632DB254A500736D3D /* FrameworkDetailView.swift */,
			);
			path = FrameworkDetailView;
			sourceTree = "<group>";
		};
		E7AA17922DA51D1B00ADDB32 = {
			isa = PBXGroup;
			children = (
				E79C4A682DB254A500736D3D /* FrameworkSwiftUI */,
				E7AA17AE2DA51D1D00ADDB32 /* FrameworkSwiftUITests */,
				E7AA17B82DA51D1D00ADDB32 /* FrameworkSwiftUIUITests */,
				E7AA179C2DA51D1C00ADDB32 /* Products */,
			);
			sourceTree = "<group>";
		};
		E7AA179C2DA51D1C00ADDB32 /* Products */ = {
			isa = PBXGroup;
			children = (
				E7AA179B2DA51D1C00ADDB32 /* FrameworkSwiftUI.app */,
				E7AA17AB2DA51D1D00ADDB32 /* FrameworkSwiftUITests.xctest */,
				E7AA17B52DA51D1D00ADDB32 /* FrameworkSwiftUIUITests.xctest */,
			);
			name = Products;
			sourceTree = "<group>";
		};
/* End PBXGroup section */

/* Begin PBXNativeTarget section */
		E7AA179A2DA51D1C00ADDB32 /* FrameworkSwiftUI */ = {
			isa = PBXNativeTarget;
			buildConfigurationList = E7AA17BF2DA51D1D00ADDB32 /* Build configuration list for PBXNativeTarget "FrameworkSwiftUI" */;
			buildPhases = (
				E7AA17972DA51D1C00ADDB32 /* Sources */,
				E7AA17982DA51D1C00ADDB32 /* Frameworks */,
				E7AA17992DA51D1C00ADDB32 /* Resources */,
			);
			buildRules = (
			);
			dependencies = (
			);
			name = FrameworkSwiftUI;
			packageProductDependencies = (
			);
			productName = FrameworkSwiftUI;
			productReference = E7AA179B2DA51D1C00ADDB32 /* FrameworkSwiftUI.app */;
			productType = "com.apple.product-type.application";
		};
		E7AA17AA2DA51D1D00ADDB32 /* FrameworkSwiftUITests */ = {
			isa = PBXNativeTarget;
			buildConfigurationList = E7AA17C22DA51D1D00ADDB32 /* Build configuration list for PBXNativeTarget "FrameworkSwiftUITests" */;
			buildPhases = (
				E7AA17A72DA51D1D00ADDB32 /* Sources */,
				E7AA17A82DA51D1D00ADDB32 /* Frameworks */,
				E7AA17A92DA51D1D00ADDB32 /* Resources */,
			);
			buildRules = (
			);
			dependencies = (
				E7AA17AD2DA51D1D00ADDB32 /* PBXTargetDependency */,
			);
			fileSystemSynchronizedGroups = (
				E7AA17AE2DA51D1D00ADDB32 /* FrameworkSwiftUITests */,
			);
			name = FrameworkSwiftUITests;
			packageProductDependencies = (
			);
			productName = FrameworkSwiftUITests;
			productReference = E7AA17AB2DA51D1D00ADDB32 /* FrameworkSwiftUITests.xctest */;
			productType = "com.apple.product-type.bundle.unit-test";
		};
		E7AA17B42DA51D1D00ADDB32 /* FrameworkSwiftUIUITests */ = {
			isa = PBXNativeTarget;
			buildConfigurationList = E7AA17C52DA51D1D00ADDB32 /* Build configuration list for PBXNativeTarget "FrameworkSwiftUIUITests" */;
			buildPhases = (
				E7AA17B12DA51D1D00ADDB32 /* Sources */,
				E7AA17B22DA51D1D00ADDB32 /* Frameworks */,
				E7AA17B32DA51D1D00ADDB32 /* Resources */,
			);
			buildRules = (
			);
			dependencies = (
				E7AA17B72DA51D1D00ADDB32 /* PBXTargetDependency */,
			);
			fileSystemSynchronizedGroups = (
				E7AA17B82DA51D1D00ADDB32 /* FrameworkSwiftUIUITests */,
			);
			name = FrameworkSwiftUIUITests;
			packageProductDependencies = (
			);
			productName = FrameworkSwiftUIUITests;
			productReference = E7AA17B52DA51D1D00ADDB32 /* FrameworkSwiftUIUITests.xctest */;
			productType = "com.apple.product-type.bundle.ui-testing";
		};
/* End PBXNativeTarget section */

/* Begin PBXProject section */
		E7AA17932DA51D1B00ADDB32 /* Project object */ = {
			isa = PBXProject;
			attributes = {
				BuildIndependentTargetsInParallel = 1;
				LastSwiftUpdateCheck = 1600;
				LastUpgradeCheck = 1600;
				TargetAttributes = {
					E7AA179A2DA51D1C00ADDB32 = {
						CreatedOnToolsVersion = 16.0;
					};
					E7AA17AA2DA51D1D00ADDB32 = {
						CreatedOnToolsVersion = 16.0;
						TestTargetID = E7AA179A2DA51D1C00ADDB32;
					};
					E7AA17B42DA51D1D00ADDB32 = {
						CreatedOnToolsVersion = 16.0;
						TestTargetID = E7AA179A2DA51D1C00ADDB32;
					};
				};
			};
			buildConfigurationList = E7AA17962DA51D1B00ADDB32 /* Build configuration list for PBXProject "FrameworkSwiftUI" */;
			developmentRegion = en;
			hasScannedForEncodings = 0;
			knownRegions = (
				en,
				Base,
			);
			mainGroup = E7AA17922DA51D1B00ADDB32;
			minimizedProjectReferenceProxies = 1;
			preferredProjectObjectVersion = 77;
			productRefGroup = E7AA179C2DA51D1C00ADDB32 /* Products */;
			projectDirPath = "";
			projectRoot = "";
			targets = (
				E7AA179A2DA51D1C00ADDB32 /* FrameworkSwiftUI */,
				E7AA17AA2DA51D1D00ADDB32 /* FrameworkSwiftUITests */,
				E7AA17B42DA51D1D00ADDB32 /* FrameworkSwiftUIUITests */,
			);
		};
/* End PBXProject section */

/* Begin PBXResourcesBuildPhase section */
		E7AA17992DA51D1C00ADDB32 /* Resources */ = {
			isa = PBXResourcesBuildPhase;
			buildActionMask = 2147483647;
			files = (
				E79C4A712DB254A500736D3D /* Preview Assets.xcassets in Resources */,
				E79C4A722DB254A500736D3D /* Assets.xcassets in Resources */,
			);
			runOnlyForDeploymentPostprocessing = 0;
		};
		E7AA17A92DA51D1D00ADDB32 /* Resources */ = {
			isa = PBXResourcesBuildPhase;
			buildActionMask = 2147483647;
			files = (
			);
			runOnlyForDeploymentPostprocessing = 0;
		};
		E7AA17B32DA51D1D00ADDB32 /* Resources */ = {
			isa = PBXResourcesBuildPhase;
			buildActionMask = 2147483647;
			files = (
			);
			runOnlyForDeploymentPostprocessing = 0;
		};
/* End PBXResourcesBuildPhase section */

/* Begin PBXSourcesBuildPhase section */
		E7AA17972DA51D1C00ADDB32 /* Sources */ = {
			isa = PBXSourcesBuildPhase;
			buildActionMask = 2147483647;
			files = (
				E79C4A692DB254A500736D3D /* AFButton.swift in Sources */,
				E79C4A6A2DB254A500736D3D /* ContentView.swift in Sources */,
				E79C4A6B2DB254A500736D3D /* Framework.swift in Sources */,
				E79C4A6C2DB254A500736D3D /* FrameworkDetailView.swift in Sources */,
				E79C4A6D2DB254A500736D3D /* FrameworkGridViewModel.swift in Sources */,
				E79C4A6E2DB254A500736D3D /* FrameworkSwiftUIApp.swift in Sources */,
				E79C4A6F2DB254A500736D3D /* SafariView.swift in Sources */,
				E79C4A702DB254A500736D3D /* XDismissButton.swift in Sources */,
			);
			runOnlyForDeploymentPostprocessing = 0;
		};
		E7AA17A72DA51D1D00ADDB32 /* Sources */ = {
			isa = PBXSourcesBuildPhase;
			buildActionMask = 2147483647;
			files = (
			);
			runOnlyForDeploymentPostprocessing = 0;
		};
		E7AA17B12DA51D1D00ADDB32 /* Sources */ = {
			isa = PBXSourcesBuildPhase;
			buildActionMask = 2147483647;
			files = (
			);
			runOnlyForDeploymentPostprocessing = 0;
		};
/* End PBXSourcesBuildPhase section */

/* Begin PBXTargetDependency section */
		E7AA17AD2DA51D1D00ADDB32 /* PBXTargetDependency */ = {
			isa = PBXTargetDependency;
			target = E7AA179A2DA51D1C00ADDB32 /* FrameworkSwiftUI */;
			targetProxy = E7AA17AC2DA51D1D00ADDB32 /* PBXContainerItemProxy */;
		};
		E7AA17B72DA51D1D00ADDB32 /* PBXTargetDependency */ = {
			isa = PBXTargetDependency;
			target = E7AA179A2DA51D1C00ADDB32 /* FrameworkSwiftUI */;
			targetProxy = E7AA17B62DA51D1D00ADDB32 /* PBXContainerItemProxy */;
		};
/* End PBXTargetDependency section */

/* Begin XCBuildConfiguration section */
		E7AA17BD2DA51D1D00ADDB32 /* Debug */ = {
			isa = XCBuildConfiguration;
			buildSettings = {
				ALWAYS_SEARCH_USER_PATHS = NO;
				ASSETCATALOG_COMPILER_GENERATE_SWIFT_ASSET_SYMBOL_EXTENSIONS = YES;
				CLANG_ANALYZER_NONNULL = YES;
				CLANG_ANALYZER_NUMBER_OBJECT_CONVERSION = YES_AGGRESSIVE;
				CLANG_CXX_LANGUAGE_STANDARD = "gnu++20";
				CLANG_ENABLE_MODULES = YES;
				CLANG_ENABLE_OBJC_ARC = YES;
				CLANG_ENABLE_OBJC_WEAK = YES;
				CLANG_WARN_BLOCK_CAPTURE_AUTORELEASING = YES;
				CLANG_WARN_BOOL_CONVERSION = YES;
				CLANG_WARN_COMMA = YES;
				CLANG_WARN_CONSTANT_CONVERSION = YES;
				CLANG_WARN_DEPRECATED_OBJC_IMPLEMENTATIONS = YES;
				CLANG_WARN_DIRECT_OBJC_ISA_USAGE = YES_ERROR;
				CLANG_WARN_DOCUMENTATION_COMMENTS = YES;
				CLANG_WARN_EMPTY_BODY = YES;
				CLANG_WARN_ENUM_CONVERSION = YES;
				CLANG_WARN_INFINITE_RECURSION = YES;
				CLANG_WARN_INT_CONVERSION = YES;
				CLANG_WARN_NON_LITERAL_NULL_CONVERSION = YES;
				CLANG_WARN_OBJC_IMPLICIT_RETAIN_SELF = YES;
				CLANG_WARN_OBJC_LITERAL_CONVERSION = YES;
				CLANG_WARN_OBJC_ROOT_CLASS = YES_ERROR;
				CLANG_WARN_QUOTED_INCLUDE_IN_FRAMEWORK_HEADER = YES;
				CLANG_WARN_RANGE_LOOP_ANALYSIS = YES;
				CLANG_WARN_STRICT_PROTOTYPES = YES;
				CLANG_WARN_SUSPICIOUS_MOVE = YES;
				CLANG_WARN_UNGUARDED_AVAILABILITY = YES_AGGRESSIVE;
				CLANG_WARN_UNREACHABLE_CODE = YES;
				CLANG_WARN__DUPLICATE_METHOD_MATCH = YES;
				COPY_PHASE_STRIP = NO;
				DEBUG_INFORMATION_FORMAT = dwarf;
				ENABLE_STRICT_OBJC_MSGSEND = YES;
				ENABLE_TESTABILITY = YES;
				ENABLE_USER_SCRIPT_SANDBOXING = YES;
				GCC_C_LANGUAGE_STANDARD = gnu17;
				GCC_DYNAMIC_NO_PIC = NO;
				GCC_NO_COMMON_BLOCKS = YES;
				GCC_OPTIMIZATION_LEVEL = 0;
				GCC_PREPROCESSOR_DEFINITIONS = (
					"DEBUG=1",
					"$(inherited)",
				);
				GCC_WARN_64_TO_32_BIT_CONVERSION = YES;
				GCC_WARN_ABOUT_RETURN_TYPE = YES_ERROR;
				GCC_WARN_UNDECLARED_SELECTOR = YES;
				GCC_WARN_UNINITIALIZED_AUTOS = YES_AGGRESSIVE;
				GCC_WARN_UNUSED_FUNCTION = YES;
				GCC_WARN_UNUSED_VARIABLE = YES;
				IPHONEOS_DEPLOYMENT_TARGET = 18.0;
				LOCALIZATION_PREFERS_STRING_CATALOGS = YES;
				MTL_ENABLE_DEBUG_INFO = INCLUDE_SOURCE;
				MTL_FAST_MATH = YES;
				ONLY_ACTIVE_ARCH = YES;
				SDKROOT = iphoneos;
				SWIFT_ACTIVE_COMPILATION_CONDITIONS = "DEBUG $(inherited)";
				SWIFT_OPTIMIZATION_LEVEL = "-Onone";
			};
			name = Debug;
		};
		E7AA17BE2DA51D1D00ADDB32 /* Release */ = {
			isa = XCBuildConfiguration;
			buildSettings = {
				ALWAYS_SEARCH_USER_PATHS = NO;
				ASSETCATALOG_COMPILER_GENERATE_SWIFT_ASSET_SYMBOL_EXTENSIONS = YES;
				CLANG_ANALYZER_NONNULL = YES;
				CLANG_ANALYZER_NUMBER_OBJECT_CONVERSION = YES_AGGRESSIVE;
				CLANG_CXX_LANGUAGE_STANDARD = "gnu++20";
				CLANG_ENABLE_MODULES = YES;
				CLANG_ENABLE_OBJC_ARC = YES;
				CLANG_ENABLE_OBJC_WEAK = YES;
				CLANG_WARN_BLOCK_CAPTURE_AUTORELEASING = YES;
				CLANG_WARN_BOOL_CONVERSION = YES;
				CLANG_WARN_COMMA = YES;
				CLANG_WARN_CONSTANT_CONVERSION = YES;
				CLANG_WARN_DEPRECATED_OBJC_IMPLEMENTATIONS = YES;
				CLANG_WARN_DIRECT_OBJC_ISA_USAGE = YES_ERROR;
				CLANG_WARN_DOCUMENTATION_COMMENTS = YES;
				CLANG_WARN_EMPTY_BODY = YES;
				CLANG_WARN_ENUM_CONVERSION = YES;
				CLANG_WARN_INFINITE_RECURSION = YES;
				CLANG_WARN_INT_CONVERSION = YES;
				CLANG_WARN_NON_LITERAL_NULL_CONVERSION = YES;
				CLANG_WARN_OBJC_IMPLICIT_RETAIN_SELF = YES;
				CLANG_WARN_OBJC_LITERAL_CONVERSION = YES;
				CLANG_WARN_OBJC_ROOT_CLASS = YES_ERROR;
				CLANG_WARN_QUOTED_INCLUDE_IN_FRAMEWORK_HEADER = YES;
				CLANG_WARN_RANGE_LOOP_ANALYSIS = YES;
				CLANG_WARN_STRICT_PROTOTYPES = YES;
				CLANG_WARN_SUSPICIOUS_MOVE = YES;
				CLANG_WARN_UNGUARDED_AVAILABILITY = YES_AGGRESSIVE;
				CLANG_WARN_UNREACHABLE_CODE = YES;
				CLANG_WARN__DUPLICATE_METHOD_MATCH = YES;
				COPY_PHASE_STRIP = NO;
				DEBUG_INFORMATION_FORMAT = "dwarf-with-dsym";
				ENABLE_NS_ASSERTIONS = NO;
				ENABLE_STRICT_OBJC_MSGSEND = YES;
				ENABLE_USER_SCRIPT_SANDBOXING = YES;
				GCC_C_LANGUAGE_STANDARD = gnu17;
				GCC_NO_COMMON_BLOCKS = YES;
				GCC_WARN_64_TO_32_BIT_CONVERSION = YES;
				GCC_WARN_ABOUT_RETURN_TYPE = YES_ERROR;
				GCC_WARN_UNDECLARED_SELECTOR = YES;
				GCC_WARN_UNINITIALIZED_AUTOS = YES_AGGRESSIVE;
				GCC_WARN_UNUSED_FUNCTION = YES;
				GCC_WARN_UNUSED_VARIABLE = YES;
				IPHONEOS_DEPLOYMENT_TARGET = 18.0;
				LOCALIZATION_PREFERS_STRING_CATALOGS = YES;
				MTL_ENABLE_DEBUG_INFO = NO;
				MTL_FAST_MATH = YES;
				SDKROOT = iphoneos;
				SWIFT_COMPILATION_MODE = wholemodule;
				VALIDATE_PRODUCT = YES;
			};
			name = Release;
		};
		E7AA17C02DA51D1D00ADDB32 /* Debug */ = {
			isa = XCBuildConfiguration;
			buildSettings = {
				ASSETCATALOG_COMPILER_APPICON_NAME = AppIcon;
				ASSETCATALOG_COMPILER_GLOBAL_ACCENT_COLOR_NAME = AccentColor;
				CODE_SIGN_STYLE = Automatic;
				CURRENT_PROJECT_VERSION = 1;
				DEVELOPMENT_ASSET_PATHS = "\"FrameworkSwiftUI/Preview Content\"";
				ENABLE_PREVIEWS = YES;
				GENERATE_INFOPLIST_FILE = YES;
				INFOPLIST_KEY_UIApplicationSceneManifest_Generation = YES;
				INFOPLIST_KEY_UIApplicationSupportsIndirectInputEvents = YES;
				INFOPLIST_KEY_UILaunchScreen_Generation = YES;
				INFOPLIST_KEY_UISupportedInterfaceOrientations_iPad = "UIInterfaceOrientationPortrait UIInterfaceOrientationPortraitUpsideDown UIInterfaceOrientationLandscapeLeft UIInterfaceOrientationLandscapeRight";
				INFOPLIST_KEY_UISupportedInterfaceOrientations_iPhone = "UIInterfaceOrientationPortrait UIInterfaceOrientationLandscapeLeft UIInterfaceOrientationLandscapeRight";
				LD_RUNPATH_SEARCH_PATHS = (
					"$(inherited)",
					"@executable_path/Frameworks",
				);
				MARKETING_VERSION = 1.0;
				PRODUCT_BUNDLE_IDENTIFIER = com.vish.FrameworkSwiftUI;
				PRODUCT_NAME = "$(TARGET_NAME)";
				SWIFT_EMIT_LOC_STRINGS = YES;
				SWIFT_VERSION = 5.0;
				TARGETED_DEVICE_FAMILY = "1,2";
			};
			name = Debug;
		};
		E7AA17C12DA51D1D00ADDB32 /* Release */ = {
			isa = XCBuildConfiguration;
			buildSettings = {
				ASSETCATALOG_COMPILER_APPICON_NAME = AppIcon;
				ASSETCATALOG_COMPILER_GLOBAL_ACCENT_COLOR_NAME = AccentColor;
				CODE_SIGN_STYLE = Automatic;
				CURRENT_PROJECT_VERSION = 1;
				DEVELOPMENT_ASSET_PATHS = "\"FrameworkSwiftUI/Preview Content\"";
				ENABLE_PREVIEWS = YES;
				GENERATE_INFOPLIST_FILE = YES;
				INFOPLIST_KEY_UIApplicationSceneManifest_Generation = YES;
				INFOPLIST_KEY_UIApplicationSupportsIndirectInputEvents = YES;
				INFOPLIST_KEY_UILaunchScreen_Generation = YES;
				INFOPLIST_KEY_UISupportedInterfaceOrientations_iPad = "UIInterfaceOrientationPortrait UIInterfaceOrientationPortraitUpsideDown UIInterfaceOrientationLandscapeLeft UIInterfaceOrientationLandscapeRight";
				INFOPLIST_KEY_UISupportedInterfaceOrientations_iPhone = "UIInterfaceOrientationPortrait UIInterfaceOrientationLandscapeLeft UIInterfaceOrientationLandscapeRight";
				LD_RUNPATH_SEARCH_PATHS = (
					"$(inherited)",
					"@executable_path/Frameworks",
				);
				MARKETING_VERSION = 1.0;
				PRODUCT_BUNDLE_IDENTIFIER = com.vish.FrameworkSwiftUI;
				PRODUCT_NAME = "$(TARGET_NAME)";
				SWIFT_EMIT_LOC_STRINGS = YES;
				SWIFT_VERSION = 5.0;
				TARGETED_DEVICE_FAMILY = "1,2";
			};
			name = Release;
		};
		E7AA17C32DA51D1D00ADDB32 /* Debug */ = {
			isa = XCBuildConfiguration;
			buildSettings = {
				BUNDLE_LOADER = "$(TEST_HOST)";
				CODE_SIGN_STYLE = Automatic;
				CURRENT_PROJECT_VERSION = 1;
				GENERATE_INFOPLIST_FILE = YES;
				IPHONEOS_DEPLOYMENT_TARGET = 18.0;
				MARKETING_VERSION = 1.0;
				PRODUCT_BUNDLE_IDENTIFIER = com.vish.FrameworkSwiftUITests;
				PRODUCT_NAME = "$(TARGET_NAME)";
				SWIFT_EMIT_LOC_STRINGS = NO;
				SWIFT_VERSION = 5.0;
				TARGETED_DEVICE_FAMILY = "1,2";
				TEST_HOST = "$(BUILT_PRODUCTS_DIR)/FrameworkSwiftUI.app/$(BUNDLE_EXECUTABLE_FOLDER_PATH)/FrameworkSwiftUI";
			};
			name = Debug;
		};
		E7AA17C42DA51D1D00ADDB32 /* Release */ = {
			isa = XCBuildConfiguration;
			buildSettings = {
				BUNDLE_LOADER = "$(TEST_HOST)";
				CODE_SIGN_STYLE = Automatic;
				CURRENT_PROJECT_VERSION = 1;
				GENERATE_INFOPLIST_FILE = YES;
				IPHONEOS_DEPLOYMENT_TARGET = 18.0;
				MARKETING_VERSION = 1.0;
				PRODUCT_BUNDLE_IDENTIFIER = com.vish.FrameworkSwiftUITests;
				PRODUCT_NAME = "$(TARGET_NAME)";
				SWIFT_EMIT_LOC_STRINGS = NO;
				SWIFT_VERSION = 5.0;
				TARGETED_DEVICE_FAMILY = "1,2";
				TEST_HOST = "$(BUILT_PRODUCTS_DIR)/FrameworkSwiftUI.app/$(BUNDLE_EXECUTABLE_FOLDER_PATH)/FrameworkSwiftUI";
			};
			name = Release;
		};
		E7AA17C62DA51D1D00ADDB32 /* Debug */ = {
			isa = XCBuildConfiguration;
			buildSettings = {
				CODE_SIGN_STYLE = Automatic;
				CURRENT_PROJECT_VERSION = 1;
				GENERATE_INFOPLIST_FILE = YES;
				MARKETING_VERSION = 1.0;
				PRODUCT_BUNDLE_IDENTIFIER = com.vish.FrameworkSwiftUIUITests;
				PRODUCT_NAME = "$(TARGET_NAME)";
				SWIFT_EMIT_LOC_STRINGS = NO;
				SWIFT_VERSION = 5.0;
				TARGETED_DEVICE_FAMILY = "1,2";
				TEST_TARGET_NAME = FrameworkSwiftUI;
			};
			name = Debug;
		};
		E7AA17C72DA51D1D00ADDB32 /* Release */ = {
			isa = XCBuildConfiguration;
			buildSettings = {
				CODE_SIGN_STYLE = Automatic;
				CURRENT_PROJECT_VERSION = 1;
				GENERATE_INFOPLIST_FILE = YES;
				MARKETING_VERSION = 1.0;
				PRODUCT_BUNDLE_IDENTIFIER = com.vish.FrameworkSwiftUIUITests;
				PRODUCT_NAME = "$(TARGET_NAME)";
				SWIFT_EMIT_LOC_STRINGS = NO;
				SWIFT_VERSION = 5.0;
				TARGETED_DEVICE_FAMILY = "1,2";
				TEST_TARGET_NAME = FrameworkSwiftUI;
			};
			name = Release;
		};
/* End XCBuildConfiguration section */

/* Begin XCConfigurationList section */
		E7AA17962DA51D1B00ADDB32 /* Build configuration list for PBXProject "FrameworkSwiftUI" */ = {
			isa = XCConfigurationList;
			buildConfigurations = (
				E7AA17BD2DA51D1D00ADDB32 /* Debug */,
				E7AA17BE2DA51D1D00ADDB32 /* Release */,
			);
			defaultConfigurationIsVisible = 0;
			defaultConfigurationName = Release;
		};
		E7AA17BF2DA51D1D00ADDB32 /* Build configuration list for PBXNativeTarget "FrameworkSwiftUI" */ = {
			isa = XCConfigurationList;
			buildConfigurations = (
				E7AA17C02DA51D1D00ADDB32 /* Debug */,
				E7AA17C12DA51D1D00ADDB32 /* Release */,
			);
			defaultConfigurationIsVisible = 0;
			defaultConfigurationName = Release;
		};
		E7AA17C22DA51D1D00ADDB32 /* Build configuration list for PBXNativeTarget "FrameworkSwiftUITests" */ = {
			isa = XCConfigurationList;
			buildConfigurations = (
				E7AA17C32DA51D1D00ADDB32 /* Debug */,
				E7AA17C42DA51D1D00ADDB32 /* Release */,
			);
			defaultConfigurationIsVisible = 0;
			defaultConfigurationName = Release;
		};
		E7AA17C52DA51D1D00ADDB32 /* Build configuration list for PBXNativeTarget "FrameworkSwiftUIUITests" */ = {
			isa = XCConfigurationList;
			buildConfigurations = (
				E7AA17C62DA51D1D00ADDB32 /* Debug */,
				E7AA17C72DA51D1D00ADDB32 /* Release */,
			);
			defaultConfigurationIsVisible = 0;
			defaultConfigurationName = Release;
		};
/* End XCConfigurationList section */
	};
	rootObject = E7AA17932DA51D1B00ADDB32 /* Project object */;
}
